
Microsoft Visual Studio Solution File, Format Version 12.00
# Visual Studio Version 16
VisualStudioVersion = 16.0.30204.135
MinimumVisualStudioVersion = 10.0.40219.1
Project("{9A19103F-16F7-4668-BE54-9A1E7A4F7556}") = "TicketService", "TicketService\TicketService.csproj", "{F6E1F816-EA8F-42CD-98FF-561D3AE8B214}"
EndProject
Project("{FAE04EC0-301F-11D3-BF4B-00C04F79EFBC}") = "TicketServiceTest", "TicketServiceTest\TicketServiceTest.csproj", "{9F68D1F1-9309-4D76-A946-8A2E6E20D13B}"
EndProject
Global
	GlobalSection(SolutionConfigurationPlatforms) = preSolution
		Debug|Any CPU = Debug|Any CPU
		Release|Any CPU = Release|Any CPU
	EndGlobalSection
	GlobalSection(ProjectConfigurationPlatforms) = postSolution
		{F6E1F816-EA8F-42CD-98FF-561D3AE8B214}.Debug|Any CPU.ActiveCfg = Debug|Any CPU
		{F6E1F816-EA8F-42CD-98FF-561D3AE8B214}.Debug|Any CPU.Build.0 = Debug|Any CPU
		{F6E1F816-EA8F-42CD-98FF-561D3AE8B214}.Release|Any CPU.ActiveCfg = Release|Any CPU
		{F6E1F816-EA8F-42CD-98FF-561D3AE8B214}.Release|Any CPU.Build.0 = Release|Any CPU
		{9F68D1F1-9309-4D76-A946-8A2E6E20D13B}.Debug|Any CPU.ActiveCfg = Debug|Any CPU
		{9F68D1F1-9309-4D76-A946-8A2E6E20D13B}.Debug|Any CPU.Build.0 = Debug|Any CPU
		{9F68D1F1-9309-4D76-A946-8A2E6E20D13B}.Release|Any CPU.ActiveCfg = Release|Any CPU
		{9F68D1F1-9309-4D76-A946-8A2E6E20D13B}.Release|Any CPU.Build.0 = Release|Any CPU
	EndGlobalSection
	GlobalSection(SolutionProperties) = preSolution
		HideSolutionNode = FALSE
	EndGlobalSection
	GlobalSection(ExtensibilityGlobals) = postSolution
		SolutionGuid = {F22A6544-0CC4-4DE0-BB34-8152EF306AEE}
	EndGlobalSection
EndGlobal
